
Microsoft Visual Studio Solution File, Format Version 12.00
# Visual Studio Version 16
VisualStudioVersion = 16.0.30523.141
MinimumVisualStudioVersion = 10.0.40219.1
Project("{FAE04EC0-301F-11D3-BF4B-00C04F79EFBC}") = "Vinteler_Erica_Lab6", "Vinteler_Erica_Lab6.csproj", "{E5CFA3E9-E776-4A50-B9B6-0F96C20242D2}"
EndProject
Project("{FAE04EC0-301F-11D3-BF4B-00C04F79EFBC}") = "AutoLotModel", "..\AutoLotModel\AutoLotModel.csproj", "{A9E60338-FE2C-4BE9-923D-2D1ADCC559EA}"
EndProject
Project("{2150E333-8FDC-42A3-9474-1A3956D46DE8}") = "Solution Items", "Solution Items", "{DB6A4443-B150-4632-823C-2B25AE58BA4E}"
	ProjectSection(SolutionItems) = preProject
		Validation.cs = Validation.cs
	EndProjectSection
EndProject
Global
	GlobalSection(SolutionConfigurationPlatforms) = preSolution
		Debug|Any CPU = Debug|Any CPU
		Release|Any CPU = Release|Any CPU
	EndGlobalSection
	GlobalSection(ProjectConfigurationPlatforms) = postSolution
		{E5CFA3E9-E776-4A50-B9B6-0F96C20242D2}.Debug|Any CPU.ActiveCfg = Debug|Any CPU
		{E5CFA3E9-E776-4A50-B9B6-0F96C20242D2}.Debug|Any CPU.Build.0 = Debug|Any CPU
		{E5CFA3E9-E776-4A50-B9B6-0F96C20242D2}.Release|Any CPU.ActiveCfg = Release|Any CPU
		{E5CFA3E9-E776-4A50-B9B6-0F96C20242D2}.Release|Any CPU.Build.0 = Release|Any CPU
		{A9E60338-FE2C-4BE9-923D-2D1ADCC559EA}.Debug|Any CPU.ActiveCfg = Debug|Any CPU
		{A9E60338-FE2C-4BE9-923D-2D1ADCC559EA}.Debug|Any CPU.Build.0 = Debug|Any CPU
		{A9E60338-FE2C-4BE9-923D-2D1ADCC559EA}.Release|Any CPU.ActiveCfg = Release|Any CPU
		{A9E60338-FE2C-4BE9-923D-2D1ADCC559EA}.Release|Any CPU.Build.0 = Release|Any CPU
	EndGlobalSection
	GlobalSection(SolutionProperties) = preSolution
		HideSolutionNode = FALSE
	EndGlobalSection
	GlobalSection(ExtensibilityGlobals) = postSolution
		SolutionGuid = {21BDDCD6-2AA2-4090-9C63-F31D4A79C411}
	EndGlobalSection
EndGlobal
